// !$*UTF8*$!
{
	archiveVersion = 1;
	classes = {
	};
	objectVersion = 52;
	objects = {

/* Begin PBXBuildFile section */
		2A74E9E72418ECD00098FD34 /* AppDelegate.swift in Sources */ = {isa = PBXBuildFile; fileRef = 2A74E9E62418ECD00098FD34 /* AppDelegate.swift */; };
		2A74E9E92418ECD00098FD34 /* ViewController.swift in Sources */ = {isa = PBXBuildFile; fileRef = 2A74E9E82418ECD00098FD34 /* ViewController.swift */; };
		2A74E9EB2418ECD50098FD34 /* Assets.xcassets in Resources */ = {isa = PBXBuildFile; fileRef = 2A74E9EA2418ECD50098FD34 /* Assets.xcassets */; };
		2A74E9EE2418ECD50098FD34 /* Main.storyboard in Resources */ = {isa = PBXBuildFile; fileRef = 2A74E9EC2418ECD50098FD34 /* Main.storyboard */; };
		2A74E9F82418F5810098FD34 /* MainWindow.swift in Sources */ = {isa = PBXBuildFile; fileRef = 2A74E9F62418F5810098FD34 /* MainWindow.swift */; };
		2A74E9FE2418F60E0098FD34 /* geteltorito.pl in Copy Py-Script (2 items) */ = {isa = PBXBuildFile; fileRef = 2A74E9FC2418F6040098FD34 /* geteltorito.pl */; };
		2A74EA042418FEE00098FD34 /* script.command in Copy Py-Script (2 items) */ = {isa = PBXBuildFile; fileRef = 2A74EA022418FECB0098FD34 /* script.command */; };
		2A74EA0924191FF10098FD34 /* perl.zip in Copy Perl Bundle */ = {isa = PBXBuildFile; fileRef = 2A74EA0624191FD20098FD34 /* perl.zip */; };
		2A9A6338266FAD8C00257DE0 /* LetsMoveIt.swift in Sources */ = {isa = PBXBuildFile; fileRef = 2A9A6337266FAD8C00257DE0 /* LetsMoveIt.swift */; };
		2A9A633C266FADBF00257DE0 /* Localizable.strings in Resources */ = {isa = PBXBuildFile; fileRef = 2A9A633A266FADBF00257DE0 /* Localizable.strings */; };
		2AF4FEBF266446AA008C3831 /* Sparkle in Frameworks */ = {isa = PBXBuildFile; productRef = 2AF4FEBE266446AA008C3831 /* Sparkle */; };
/* End PBXBuildFile section */

/* Begin PBXCopyFilesBuildPhase section */
		2A74E9FA2418F5E20098FD34 /* Copy Py-Script (2 items) */ = {
			isa = PBXCopyFilesBuildPhase;
			buildActionMask = 2147483647;
			dstPath = Script;
			dstSubfolderSpec = 7;
			files = (
				2A74EA042418FEE00098FD34 /* script.command in Copy Py-Script (2 items) */,
				2A74E9FE2418F60E0098FD34 /* geteltorito.pl in Copy Py-Script (2 items) */,
			);
			name = "Copy Py-Script (2 items)";
			runOnlyForDeploymentPostprocessing = 0;
		};
		2A74EA0824191FE00098FD34 /* Copy Perl Bundle */ = {
			isa = PBXCopyFilesBuildPhase;
			buildActionMask = 2147483647;
			dstPath = Perl;
			dstSubfolderSpec = 7;
			files = (
				2A74EA0924191FF10098FD34 /* perl.zip in Copy Perl Bundle */,
			);
			name = "Copy Perl Bundle";
			runOnlyForDeploymentPostprocessing = 0;
		};
/* End PBXCopyFilesBuildPhase section */

/* Begin PBXFileReference section */
		2A5D7702241CCE7300F533C0 /* de */ = {isa = PBXFileReference; lastKnownFileType = text.plist.strings; name = de; path = de.lproj/Main.strings; sourceTree = "<group>"; };
		2A5D7703241CF2B400F533C0 /* lenovobiosusbcreator.html */ = {isa = PBXFileReference; fileEncoding = 4; lastKnownFileType = text.html; path = lenovobiosusbcreator.html; sourceTree = "<group>"; };
		2A74E9E32418ECD00098FD34 /* Lenovo BIOS USB Creator.app */ = {isa = PBXFileReference; explicitFileType = wrapper.application; includeInIndex = 0; path = "Lenovo BIOS USB Creator.app"; sourceTree = BUILT_PRODUCTS_DIR; };
		2A74E9E62418ECD00098FD34 /* AppDelegate.swift */ = {isa = PBXFileReference; lastKnownFileType = sourcecode.swift; path = AppDelegate.swift; sourceTree = "<group>"; };
		2A74E9E82418ECD00098FD34 /* ViewController.swift */ = {isa = PBXFileReference; lastKnownFileType = sourcecode.swift; path = ViewController.swift; sourceTree = "<group>"; };
		2A74E9EA2418ECD50098FD34 /* Assets.xcassets */ = {isa = PBXFileReference; lastKnownFileType = folder.assetcatalog; path = Assets.xcassets; sourceTree = "<group>"; };
		2A74E9ED2418ECD50098FD34 /* Base */ = {isa = PBXFileReference; lastKnownFileType = file.storyboard; name = Base; path = Base.lproj/Main.storyboard; sourceTree = "<group>"; };
		2A74E9EF2418ECD50098FD34 /* Info.plist */ = {isa = PBXFileReference; lastKnownFileType = text.plist.xml; path = Info.plist; sourceTree = "<group>"; };
		2A74E9F02418ECD50098FD34 /* Lenovo_BIOS_USB_Creator.entitlements */ = {isa = PBXFileReference; lastKnownFileType = text.plist.entitlements; path = Lenovo_BIOS_USB_Creator.entitlements; sourceTree = "<group>"; };
		2A74E9F62418F5810098FD34 /* MainWindow.swift */ = {isa = PBXFileReference; lastKnownFileType = sourcecode.swift; path = MainWindow.swift; sourceTree = "<group>"; };
		2A74E9FC2418F6040098FD34 /* geteltorito.pl */ = {isa = PBXFileReference; fileEncoding = 4; lastKnownFileType = text.script.perl; path = geteltorito.pl; sourceTree = "<group>"; };
		2A74EA022418FECB0098FD34 /* script.command */ = {isa = PBXFileReference; lastKnownFileType = text; path = script.command; sourceTree = "<group>"; };
		2A74EA0624191FD20098FD34 /* perl.zip */ = {isa = PBXFileReference; lastKnownFileType = archive.zip; path = perl.zip; sourceTree = "<group>"; };
		2A9A6337266FAD8C00257DE0 /* LetsMoveIt.swift */ = {isa = PBXFileReference; fileEncoding = 4; lastKnownFileType = sourcecode.swift; path = LetsMoveIt.swift; sourceTree = "<group>"; };
		2A9A633B266FADBF00257DE0 /* de */ = {isa = PBXFileReference; lastKnownFileType = text.plist.strings; name = de; path = de.lproj/Localizable.strings; sourceTree = "<group>"; };
/* End PBXFileReference section */

/* Begin PBXFrameworksBuildPhase section */
		2A74E9E02418ECD00098FD34 /* Frameworks */ = {
			isa = PBXFrameworksBuildPhase;
			buildActionMask = 2147483647;
			files = (
				2AF4FEBF266446AA008C3831 /* Sparkle in Frameworks */,
			);
			runOnlyForDeploymentPostprocessing = 0;
		};
/* End PBXFrameworksBuildPhase section */

/* Begin PBXGroup section */
		2A74E9DA2418ECD00098FD34 = {
			isa = PBXGroup;
			children = (
				2A74E9E52418ECD00098FD34 /* Lenovo BIOS USB Creator */,
				2A74E9E42418ECD00098FD34 /* Products */,
			);
			sourceTree = "<group>";
		};
		2A74E9E42418ECD00098FD34 /* Products */ = {
			isa = PBXGroup;
			children = (
				2A74E9E32418ECD00098FD34 /* Lenovo BIOS USB Creator.app */,
			);
			name = Products;
			sourceTree = "<group>";
		};
		2A74E9E52418ECD00098FD34 /* Lenovo BIOS USB Creator */ = {
			isa = PBXGroup;
			children = (
				2A74EA0524191FD20098FD34 /* Perl */,
				2A74E9FB2418F6040098FD34 /* Script */,
				2A74E9E62418ECD00098FD34 /* AppDelegate.swift */,
				2A74E9E82418ECD00098FD34 /* ViewController.swift */,
				2A74E9EA2418ECD50098FD34 /* Assets.xcassets */,
				2A9A6337266FAD8C00257DE0 /* LetsMoveIt.swift */,
				2A74E9F62418F5810098FD34 /* MainWindow.swift */,
				2A74E9EC2418ECD50098FD34 /* Main.storyboard */,
				2A74E9EF2418ECD50098FD34 /* Info.plist */,
				2A5D7703241CF2B400F533C0 /* lenovobiosusbcreator.html */,
				2A9A633A266FADBF00257DE0 /* Localizable.strings */,
				2A74E9F02418ECD50098FD34 /* Lenovo_BIOS_USB_Creator.entitlements */,
			);
			path = "Lenovo BIOS USB Creator";
			sourceTree = "<group>";
		};
		2A74E9FB2418F6040098FD34 /* Script */ = {
			isa = PBXGroup;
			children = (
				2A74E9FC2418F6040098FD34 /* geteltorito.pl */,
				2A74EA022418FECB0098FD34 /* script.command */,
			);
			path = Script;
			sourceTree = "<group>";
		};
		2A74EA0524191FD20098FD34 /* Perl */ = {
			isa = PBXGroup;
			children = (
				2A74EA0624191FD20098FD34 /* perl.zip */,
			);
			path = Perl;
			sourceTree = "<group>";
		};
/* End PBXGroup section */

/* Begin PBXNativeTarget section */
		2A74E9E22418ECD00098FD34 /* Lenovo BIOS USB Creator */ = {
			isa = PBXNativeTarget;
			buildConfigurationList = 2A74E9F32418ECD50098FD34 /* Build configuration list for PBXNativeTarget "Lenovo BIOS USB Creator" */;
			buildPhases = (
				2A74E9DF2418ECD00098FD34 /* Sources */,
				2A74E9E02418ECD00098FD34 /* Frameworks */,
				2A74E9E12418ECD00098FD34 /* Resources */,
				2A74E9FA2418F5E20098FD34 /* Copy Py-Script (2 items) */,
				2A74EA0824191FE00098FD34 /* Copy Perl Bundle */,
				2A74E9FF2418F8430098FD34 /* ShellScript */,
			);
			buildRules = (
			);
			dependencies = (
			);
			name = "Lenovo BIOS USB Creator";
			packageProductDependencies = (
				2AF4FEBE266446AA008C3831 /* Sparkle */,
			);
			productName = "Lenovo BIOS USB Creator";
			productReference = 2A74E9E32418ECD00098FD34 /* Lenovo BIOS USB Creator.app */;
			productType = "com.apple.product-type.application";
		};
/* End PBXNativeTarget section */

/* Begin PBXProject section */
		2A74E9DB2418ECD00098FD34 /* Project object */ = {
			isa = PBXProject;
			attributes = {
				LastSwiftUpdateCheck = 1130;
				LastUpgradeCheck = 1240;
				ORGANIZATIONNAME = "Sascha Lamprecht";
				TargetAttributes = {
					2A74E9E22418ECD00098FD34 = {
						CreatedOnToolsVersion = 11.3.1;
					};
				};
			};
			buildConfigurationList = 2A74E9DE2418ECD00098FD34 /* Build configuration list for PBXProject "Lenovo BIOS USB Creator" */;
			compatibilityVersion = "Xcode 9.3";
			developmentRegion = en;
			hasScannedForEncodings = 0;
			knownRegions = (
				en,
				Base,
				de,
			);
			mainGroup = 2A74E9DA2418ECD00098FD34;
			packageReferences = (
				2AF4FEBD266446AA008C3831 /* XCRemoteSwiftPackageReference "Sparkle" */,
			);
			productRefGroup = 2A74E9E42418ECD00098FD34 /* Products */;
			projectDirPath = "";
			projectRoot = "";
			targets = (
				2A74E9E22418ECD00098FD34 /* Lenovo BIOS USB Creator */,
			);
		};
/* End PBXProject section */

/* Begin PBXResourcesBuildPhase section */
		2A74E9E12418ECD00098FD34 /* Resources */ = {
			isa = PBXResourcesBuildPhase;
			buildActionMask = 2147483647;
			files = (
				2A74E9EB2418ECD50098FD34 /* Assets.xcassets in Resources */,
				2A9A633C266FADBF00257DE0 /* Localizable.strings in Resources */,
				2A74E9EE2418ECD50098FD34 /* Main.storyboard in Resources */,
			);
			runOnlyForDeploymentPostprocessing = 0;
		};
/* End PBXResourcesBuildPhase section */

/* Begin PBXShellScriptBuildPhase section */
		2A74E9FF2418F8430098FD34 /* ShellScript */ = {
			isa = PBXShellScriptBuildPhase;
			buildActionMask = 2147483647;
			files = (
			);
			inputFileListPaths = (
			);
			inputPaths = (
			);
			outputFileListPaths = (
			);
			outputPaths = (
			);
			runOnlyForDeploymentPostprocessing = 0;
			shellPath = /bin/bash;
			shellScript = "# Type a script or drag a script file from your workspace to insert its path.\nfind \"${TARGET_BUILD_DIR}\"/\"${PRODUCT_NAME}.app\"/Contents/Resources -type d -name \"Sparkle.framework\" -exec rm -r \"{}\" \\;\nrm -r /Applications/\"${PRODUCT_NAME}.app\"\ncp -r \"${TARGET_BUILD_DIR}\"/\"${PRODUCT_NAME}.app\" /Applications/\nnewname=$( echo \"${PRODUCT_NAME}\" |tr '[:upper:]' '[:lower:]' |sed -e 's/\\ //g' -e 's/-//g' )\nif [ -d /Volumes/Homeshare/Xcode/$newname ]; then\n    cp \"/Users/luigi/Documents/Xcode/$newname/${PRODUCT_NAME}/$newname.html\" \"/Volumes/Homeshare/Xcode/$newname/upload/$newname.html\"\n    rm /Volumes/Homeshare/Xcode/$newname/upload/$newname.zip 2> /dev/null\n    cd /Applications\n    ditto -c -k --sequesterRsrc --keepParent \"${PRODUCT_NAME}.app\" /Volumes/Homeshare/Xcode/$newname/upload/$newname.zip\n    ditto -c -k --sequesterRsrc --keepParent \"${PRODUCT_NAME}.app\" ~/Desktop/\"${PRODUCT_NAME} ${MARKETING_VERSION}.zip\"\nfi\n";
		};
/* End PBXShellScriptBuildPhase section */

/* Begin PBXSourcesBuildPhase section */
		2A74E9DF2418ECD00098FD34 /* Sources */ = {
			isa = PBXSourcesBuildPhase;
			buildActionMask = 2147483647;
			files = (
				2A74E9E92418ECD00098FD34 /* ViewController.swift in Sources */,
				2A74E9E72418ECD00098FD34 /* AppDelegate.swift in Sources */,
				2A74E9F82418F5810098FD34 /* MainWindow.swift in Sources */,
				2A9A6338266FAD8C00257DE0 /* LetsMoveIt.swift in Sources */,
			);
			runOnlyForDeploymentPostprocessing = 0;
		};
/* End PBXSourcesBuildPhase section */

/* Begin PBXVariantGroup section */
		2A74E9EC2418ECD50098FD34 /* Main.storyboard */ = {
			isa = PBXVariantGroup;
			children = (
				2A74E9ED2418ECD50098FD34 /* Base */,
				2A5D7702241CCE7300F533C0 /* de */,
			);
			name = Main.storyboard;
			sourceTree = "<group>";
		};
		2A9A633A266FADBF00257DE0 /* Localizable.strings */ = {
			isa = PBXVariantGroup;
			children = (
				2A9A633B266FADBF00257DE0 /* de */,
			);
			name = Localizable.strings;
			sourceTree = "<group>";
		};
/* End PBXVariantGroup section */

/* Begin XCBuildConfiguration section */
		2A74E9F12418ECD50098FD34 /* Debug */ = {
			isa = XCBuildConfiguration;
			buildSettings = {
				ALWAYS_SEARCH_USER_PATHS = NO;
				CLANG_ANALYZER_LOCALIZABILITY_NONLOCALIZED = YES;
				CLANG_ANALYZER_NONNULL = YES;
				CLANG_ANALYZER_NUMBER_OBJECT_CONVERSION = YES_AGGRESSIVE;
				CLANG_CXX_LANGUAGE_STANDARD = "gnu++14";
				CLANG_CXX_LIBRARY = "libc++";
				CLANG_ENABLE_MODULES = YES;
				CLANG_ENABLE_OBJC_ARC = YES;
				CLANG_ENABLE_OBJC_WEAK = YES;
				CLANG_WARN_BLOCK_CAPTURE_AUTORELEASING = YES;
				CLANG_WARN_BOOL_CONVERSION = YES;
				CLANG_WARN_COMMA = YES;
				CLANG_WARN_CONSTANT_CONVERSION = YES;
				CLANG_WARN_DEPRECATED_OBJC_IMPLEMENTATIONS = YES;
				CLANG_WARN_DIRECT_OBJC_ISA_USAGE = YES_ERROR;
				CLANG_WARN_DOCUMENTATION_COMMENTS = YES;
				CLANG_WARN_EMPTY_BODY = YES;
				CLANG_WARN_ENUM_CONVERSION = YES;
				CLANG_WARN_INFINITE_RECURSION = YES;
				CLANG_WARN_INT_CONVERSION = YES;
				CLANG_WARN_NON_LITERAL_NULL_CONVERSION = YES;
				CLANG_WARN_OBJC_IMPLICIT_RETAIN_SELF = YES;
				CLANG_WARN_OBJC_LITERAL_CONVERSION = YES;
				CLANG_WARN_OBJC_ROOT_CLASS = YES_ERROR;
				CLANG_WARN_QUOTED_INCLUDE_IN_FRAMEWORK_HEADER = YES;
				CLANG_WARN_RANGE_LOOP_ANALYSIS = YES;
				CLANG_WARN_STRICT_PROTOTYPES = YES;
				CLANG_WARN_SUSPICIOUS_MOVE = YES;
				CLANG_WARN_UNGUARDED_AVAILABILITY = YES_AGGRESSIVE;
				CLANG_WARN_UNREACHABLE_CODE = YES;
				CLANG_WARN__DUPLICATE_METHOD_MATCH = YES;
				COPY_PHASE_STRIP = NO;
				DEBUG_INFORMATION_FORMAT = dwarf;
				ENABLE_STRICT_OBJC_MSGSEND = YES;
				ENABLE_TESTABILITY = YES;
				GCC_C_LANGUAGE_STANDARD = gnu11;
				GCC_DYNAMIC_NO_PIC = NO;
				GCC_NO_COMMON_BLOCKS = YES;
				GCC_OPTIMIZATION_LEVEL = 0;
				GCC_PREPROCESSOR_DEFINITIONS = (
					"DEBUG=1",
					"$(inherited)",
				);
				GCC_WARN_64_TO_32_BIT_CONVERSION = YES;
				GCC_WARN_ABOUT_RETURN_TYPE = YES_ERROR;
				GCC_WARN_UNDECLARED_SELECTOR = YES;
				GCC_WARN_UNINITIALIZED_AUTOS = YES_AGGRESSIVE;
				GCC_WARN_UNUSED_FUNCTION = YES;
				GCC_WARN_UNUSED_VARIABLE = YES;
				MACOSX_DEPLOYMENT_TARGET = 10.10;
				MTL_ENABLE_DEBUG_INFO = INCLUDE_SOURCE;
				MTL_FAST_MATH = YES;
				SDKROOT = macosx;
				SWIFT_ACTIVE_COMPILATION_CONDITIONS = DEBUG;
				SWIFT_OPTIMIZATION_LEVEL = "-Onone";
			};
			name = Debug;
		};
		2A74E9F22418ECD50098FD34 /* Release */ = {
			isa = XCBuildConfiguration;
			buildSettings = {
				ALWAYS_SEARCH_USER_PATHS = NO;
				CLANG_ANALYZER_LOCALIZABILITY_NONLOCALIZED = YES;
				CLANG_ANALYZER_NONNULL = YES;
				CLANG_ANALYZER_NUMBER_OBJECT_CONVERSION = YES_AGGRESSIVE;
				CLANG_CXX_LANGUAGE_STANDARD = "gnu++14";
				CLANG_CXX_LIBRARY = "libc++";
				CLANG_ENABLE_MODULES = YES;
				CLANG_ENABLE_OBJC_ARC = YES;
				CLANG_ENABLE_OBJC_WEAK = YES;
				CLANG_WARN_BLOCK_CAPTURE_AUTORELEASING = YES;
				CLANG_WARN_BOOL_CONVERSION = YES;
				CLANG_WARN_COMMA = YES;
				CLANG_WARN_CONSTANT_CONVERSION = YES;
				CLANG_WARN_DEPRECATED_OBJC_IMPLEMENTATIONS = YES;
				CLANG_WARN_DIRECT_OBJC_ISA_USAGE = YES_ERROR;
				CLANG_WARN_DOCUMENTATION_COMMENTS = YES;
				CLANG_WARN_EMPTY_BODY = YES;
				CLANG_WARN_ENUM_CONVERSION = YES;
				CLANG_WARN_INFINITE_RECURSION = YES;
				CLANG_WARN_INT_CONVERSION = YES;
				CLANG_WARN_NON_LITERAL_NULL_CONVERSION = YES;
				CLANG_WARN_OBJC_IMPLICIT_RETAIN_SELF = YES;
				CLANG_WARN_OBJC_LITERAL_CONVERSION = YES;
				CLANG_WARN_OBJC_ROOT_CLASS = YES_ERROR;
				CLANG_WARN_QUOTED_INCLUDE_IN_FRAMEWORK_HEADER = YES;
				CLANG_WARN_RANGE_LOOP_ANALYSIS = YES;
				CLANG_WARN_STRICT_PROTOTYPES = YES;
				CLANG_WARN_SUSPICIOUS_MOVE = YES;
				CLANG_WARN_UNGUARDED_AVAILABILITY = YES_AGGRESSIVE;
				CLANG_WARN_UNREACHABLE_CODE = YES;
				CLANG_WARN__DUPLICATE_METHOD_MATCH = YES;
				COPY_PHASE_STRIP = NO;
				DEBUG_INFORMATION_FORMAT = "dwarf-with-dsym";
				ENABLE_NS_ASSERTIONS = NO;
				ENABLE_STRICT_OBJC_MSGSEND = YES;
				GCC_C_LANGUAGE_STANDARD = gnu11;
				GCC_NO_COMMON_BLOCKS = YES;
				GCC_WARN_64_TO_32_BIT_CONVERSION = YES;
				GCC_WARN_ABOUT_RETURN_TYPE = YES_ERROR;
				GCC_WARN_UNDECLARED_SELECTOR = YES;
				GCC_WARN_UNINITIALIZED_AUTOS = YES_AGGRESSIVE;
				GCC_WARN_UNUSED_FUNCTION = YES;
				GCC_WARN_UNUSED_VARIABLE = YES;
				MACOSX_DEPLOYMENT_TARGET = 10.10;
				MTL_ENABLE_DEBUG_INFO = NO;
				MTL_FAST_MATH = YES;
				SDKROOT = macosx;
				SWIFT_COMPILATION_MODE = wholemodule;
				SWIFT_OPTIMIZATION_LEVEL = "-O";
			};
			name = Release;
		};
		2A74E9F42418ECD50098FD34 /* Debug */ = {
			isa = XCBuildConfiguration;
			buildSettings = {
				ASSETCATALOG_COMPILER_APPICON_NAME = AppIcon;
				CODE_SIGN_ENTITLEMENTS = "Lenovo BIOS USB Creator/Lenovo_BIOS_USB_Creator.entitlements";
				CODE_SIGN_IDENTITY = "";
				CODE_SIGN_STYLE = Manual;
				COMBINE_HIDPI_IMAGES = YES;
				CURRENT_PROJECT_VERSION = 10;
				DEVELOPMENT_TEAM = "";
				ENABLE_HARDENED_RUNTIME = NO;
				INFOPLIST_FILE = "Lenovo BIOS USB Creator/Info.plist";
				LD_RUNPATH_SEARCH_PATHS = (
					"$(inherited)",
					"@executable_path/../Frameworks",
				);
				MACOSX_DEPLOYMENT_TARGET = 10.10;
				MARKETING_VERSION = 1.0.0;
				PRODUCT_BUNDLE_IDENTIFIER = lenovobiosusbcreator.slsoft.de;
				PRODUCT_NAME = "$(TARGET_NAME)";
				PROVISIONING_PROFILE_SPECIFIER = "";
				SWIFT_VERSION = 5.0;
			};
			name = Debug;
		};
		2A74E9F52418ECD50098FD34 /* Release */ = {
			isa = XCBuildConfiguration;
			buildSettings = {
				ASSETCATALOG_COMPILER_APPICON_NAME = AppIcon;
				CODE_SIGN_ENTITLEMENTS = "Lenovo BIOS USB Creator/Lenovo_BIOS_USB_Creator.entitlements";
				CODE_SIGN_IDENTITY = "";
				CODE_SIGN_STYLE = Manual;
				COMBINE_HIDPI_IMAGES = YES;
				CURRENT_PROJECT_VERSION = 10;
				DEVELOPMENT_TEAM = "";
				ENABLE_HARDENED_RUNTIME = NO;
				INFOPLIST_FILE = "Lenovo BIOS USB Creator/Info.plist";
				LD_RUNPATH_SEARCH_PATHS = (
					"$(inherited)",
					"@executable_path/../Frameworks",
				);
				MACOSX_DEPLOYMENT_TARGET = 10.10;
				MARKETING_VERSION = 1.0.0;
				PRODUCT_BUNDLE_IDENTIFIER = lenovobiosusbcreator.slsoft.de;
				PRODUCT_NAME = "$(TARGET_NAME)";
				PROVISIONING_PROFILE_SPECIFIER = "";
				SWIFT_VERSION = 5.0;
			};
			name = Release;
		};
/* End XCBuildConfiguration section */

/* Begin XCConfigurationList section */
		2A74E9DE2418ECD00098FD34 /* Build configuration list for PBXProject "Lenovo BIOS USB Creator" */ = {
			isa = XCConfigurationList;
			buildConfigurations = (
				2A74E9F12418ECD50098FD34 /* Debug */,
				2A74E9F22418ECD50098FD34 /* Release */,
			);
			defaultConfigurationIsVisible = 0;
			defaultConfigurationName = Release;
		};
		2A74E9F32418ECD50098FD34 /* Build configuration list for PBXNativeTarget "Lenovo BIOS USB Creator" */ = {
			isa = XCConfigurationList;
			buildConfigurations = (
				2A74E9F42418ECD50098FD34 /* Debug */,
				2A74E9F52418ECD50098FD34 /* Release */,
			);
			defaultConfigurationIsVisible = 0;
			defaultConfigurationName = Release;
		};
/* End XCConfigurationList section */

/* Begin XCRemoteSwiftPackageReference section */
		2AF4FEBD266446AA008C3831 /* XCRemoteSwiftPackageReference "Sparkle" */ = {
			isa = XCRemoteSwiftPackageReference;
			repositoryURL = "https://github.com/sparkle-project/Sparkle";
			requirement = {
				kind = upToNextMajorVersion;
				minimumVersion = 1.26.0;
			};
		};
/* End XCRemoteSwiftPackageReference section */

/* Begin XCSwiftPackageProductDependency section */
		2AF4FEBE266446AA008C3831 /* Sparkle */ = {
			isa = XCSwiftPackageProductDependency;
			package = 2AF4FEBD266446AA008C3831 /* XCRemoteSwiftPackageReference "Sparkle" */;
			productName = Sparkle;
		};
/* End XCSwiftPackageProductDependency section */
	};
	rootObject = 2A74E9DB2418ECD00098FD34 /* Project object */;
}
